// !$*UTF8*$!
{
	archiveVersion = 1;
	classes = {
	};
	objectVersion = 50;
	objects = {

/* Begin PBXBuildFile section */
		2B2E9F0F2635D4D3009A3631 /* AppDelegate.swift in Sources */ = {isa = PBXBuildFile; fileRef = 2B2E9F0E2635D4D3009A3631 /* AppDelegate.swift */; };
		2B2E9F112635D4D3009A3631 /* SceneDelegate.swift in Sources */ = {isa = PBXBuildFile; fileRef = 2B2E9F102635D4D3009A3631 /* SceneDelegate.swift */; };
		2B2E9F132635D4D3009A3631 /* ViewController.swift in Sources */ = {isa = PBXBuildFile; fileRef = 2B2E9F122635D4D3009A3631 /* ViewController.swift */; };
		2B2E9F162635D4D3009A3631 /* Main.storyboard in Resources */ = {isa = PBXBuildFile; fileRef = 2B2E9F142635D4D3009A3631 /* Main.storyboard */; };
		2B2E9F192635D4D3009A3631 /* CosmoBooks.xcdatamodeld in Sources */ = {isa = PBXBuildFile; fileRef = 2B2E9F172635D4D3009A3631 /* CosmoBooks.xcdatamodeld */; };
		2B2E9F1B2635D4D4009A3631 /* Assets.xcassets in Resources */ = {isa = PBXBuildFile; fileRef = 2B2E9F1A2635D4D4009A3631 /* Assets.xcassets */; };
		2B2E9F1E2635D4D4009A3631 /* LaunchScreen.storyboard in Resources */ = {isa = PBXBuildFile; fileRef = 2B2E9F1C2635D4D4009A3631 /* LaunchScreen.storyboard */; };
		2B2E9F292635D4D4009A3631 /* CosmoBooksTests.swift in Sources */ = {isa = PBXBuildFile; fileRef = 2B2E9F282635D4D4009A3631 /* CosmoBooksTests.swift */; };
		2B2E9F342635D4D4009A3631 /* CosmoBooksUITests.swift in Sources */ = {isa = PBXBuildFile; fileRef = 2B2E9F332635D4D4009A3631 /* CosmoBooksUITests.swift */; };
/* End PBXBuildFile section */

/* Begin PBXContainerItemProxy section */
		2B2E9F252635D4D4009A3631 /* PBXContainerItemProxy */ = {
			isa = PBXContainerItemProxy;
			containerPortal = 2B2E9F032635D4D3009A3631 /* Project object */;
			proxyType = 1;
			remoteGlobalIDString = 2B2E9F0A2635D4D3009A3631;
			remoteInfo = CosmoBooks;
		};
		2B2E9F302635D4D4009A3631 /* PBXContainerItemProxy */ = {
			isa = PBXContainerItemProxy;
			containerPortal = 2B2E9F032635D4D3009A3631 /* Project object */;
			proxyType = 1;
			remoteGlobalIDString = 2B2E9F0A2635D4D3009A3631;
			remoteInfo = CosmoBooks;
		};
/* End PBXContainerItemProxy section */

/* Begin PBXFileReference section */
		2B2E9F0B2635D4D3009A3631 /* CosmoBooks.app */ = {isa = PBXFileReference; explicitFileType = wrapper.application; includeInIndex = 0; path = CosmoBooks.app; sourceTree = BUILT_PRODUCTS_DIR; };
		2B2E9F0E2635D4D3009A3631 /* AppDelegate.swift */ = {isa = PBXFileReference; lastKnownFileType = sourcecode.swift; path = AppDelegate.swift; sourceTree = "<group>"; };
		2B2E9F102635D4D3009A3631 /* SceneDelegate.swift */ = {isa = PBXFileReference; lastKnownFileType = sourcecode.swift; path = SceneDelegate.swift; sourceTree = "<group>"; };
		2B2E9F122635D4D3009A3631 /* ViewController.swift */ = {isa = PBXFileReference; lastKnownFileType = sourcecode.swift; path = ViewController.swift; sourceTree = "<group>"; };
		2B2E9F152635D4D3009A3631 /* Base */ = {isa = PBXFileReference; lastKnownFileType = file.storyboard; name = Base; path = Base.lproj/Main.storyboard; sourceTree = "<group>"; };
		2B2E9F182635D4D3009A3631 /* CosmoBooks.xcdatamodel */ = {isa = PBXFileReference; lastKnownFileType = wrapper.xcdatamodel; path = CosmoBooks.xcdatamodel; sourceTree = "<group>"; };
		2B2E9F1A2635D4D4009A3631 /* Assets.xcassets */ = {isa = PBXFileReference; lastKnownFileType = folder.assetcatalog; path = Assets.xcassets; sourceTree = "<group>"; };
		2B2E9F1D2635D4D4009A3631 /* Base */ = {isa = PBXFileReference; lastKnownFileType = file.storyboard; name = Base; path = Base.lproj/LaunchScreen.storyboard; sourceTree = "<group>"; };
		2B2E9F1F2635D4D4009A3631 /* Info.plist */ = {isa = PBXFileReference; lastKnownFileType = text.plist.xml; path = Info.plist; sourceTree = "<group>"; };
		2B2E9F242635D4D4009A3631 /* CosmoBooksTests.xctest */ = {isa = PBXFileReference; explicitFileType = wrapper.cfbundle; includeInIndex = 0; path = CosmoBooksTests.xctest; sourceTree = BUILT_PRODUCTS_DIR; };
		2B2E9F282635D4D4009A3631 /* CosmoBooksTests.swift */ = {isa = PBXFileReference; lastKnownFileType = sourcecode.swift; path = CosmoBooksTests.swift; sourceTree = "<group>"; };
		2B2E9F2A2635D4D4009A3631 /* Info.plist */ = {isa = PBXFileReference; lastKnownFileType = text.plist.xml; path = Info.plist; sourceTree = "<group>"; };
		2B2E9F2F2635D4D4009A3631 /* CosmoBooksUITests.xctest */ = {isa = PBXFileReference; explicitFileType = wrapper.cfbundle; includeInIndex = 0; path = CosmoBooksUITests.xctest; sourceTree = BUILT_PRODUCTS_DIR; };
		2B2E9F332635D4D4009A3631 /* CosmoBooksUITests.swift */ = {isa = PBXFileReference; lastKnownFileType = sourcecode.swift; path = CosmoBooksUITests.swift; sourceTree = "<group>"; };
		2B2E9F352635D4D4009A3631 /* Info.plist */ = {isa = PBXFileReference; lastKnownFileType = text.plist.xml; path = Info.plist; sourceTree = "<group>"; };
/* End PBXFileReference section */

/* Begin PBXFrameworksBuildPhase section */
		2B2E9F082635D4D3009A3631 /* Frameworks */ = {
			isa = PBXFrameworksBuildPhase;
			buildActionMask = 2147483647;
			files = (
			);
			runOnlyForDeploymentPostprocessing = 0;
		};
		2B2E9F212635D4D4009A3631 /* Frameworks */ = {
			isa = PBXFrameworksBuildPhase;
			buildActionMask = 2147483647;
			files = (
			);
			runOnlyForDeploymentPostprocessing = 0;
		};
		2B2E9F2C2635D4D4009A3631 /* Frameworks */ = {
			isa = PBXFrameworksBuildPhase;
			buildActionMask = 2147483647;
			files = (
			);
			runOnlyForDeploymentPostprocessing = 0;
		};
/* End PBXFrameworksBuildPhase section */

/* Begin PBXGroup section */
		2B2E9F022635D4D3009A3631 = {
			isa = PBXGroup;
			children = (
				2B2E9F0D2635D4D3009A3631 /* CosmoBooks */,
				2B2E9F272635D4D4009A3631 /* CosmoBooksTests */,
				2B2E9F322635D4D4009A3631 /* CosmoBooksUITests */,
				2B2E9F0C2635D4D3009A3631 /* Products */,
			);
			sourceTree = "<group>";
		};
		2B2E9F0C2635D4D3009A3631 /* Products */ = {
			isa = PBXGroup;
			children = (
				2B2E9F0B2635D4D3009A3631 /* CosmoBooks.app */,
				2B2E9F242635D4D4009A3631 /* CosmoBooksTests.xctest */,
				2B2E9F2F2635D4D4009A3631 /* CosmoBooksUITests.xctest */,
			);
			name = Products;
			sourceTree = "<group>";
		};
		2B2E9F0D2635D4D3009A3631 /* CosmoBooks */ = {
			isa = PBXGroup;
			children = (
				2B2E9F492635D5C9009A3631 /* Resources */,
				2B2E9F482635D5BE009A3631 /* Services */,
				2B2E9F472635D54C009A3631 /* Controllers */,
				2B2E9F462635D545009A3631 /* Models */,
				2B2E9F452635D536009A3631 /* Views */,
				2B2E9F442635D524009A3631 /* ViewModels */,
				2B2E9F1F2635D4D4009A3631 /* Info.plist */,
			);
			path = CosmoBooks;
			sourceTree = "<group>";
		};
		2B2E9F272635D4D4009A3631 /* CosmoBooksTests */ = {
			isa = PBXGroup;
			children = (
				2B2E9F282635D4D4009A3631 /* CosmoBooksTests.swift */,
				2B2E9F2A2635D4D4009A3631 /* Info.plist */,
			);
			path = CosmoBooksTests;
			sourceTree = "<group>";
		};
		2B2E9F322635D4D4009A3631 /* CosmoBooksUITests */ = {
			isa = PBXGroup;
			children = (
				2B2E9F332635D4D4009A3631 /* CosmoBooksUITests.swift */,
				2B2E9F352635D4D4009A3631 /* Info.plist */,
			);
			path = CosmoBooksUITests;
			sourceTree = "<group>";
		};
		2B2E9F442635D524009A3631 /* ViewModels */ = {
			isa = PBXGroup;
			children = (
			);
			path = ViewModels;
			sourceTree = "<group>";
		};
		2B2E9F452635D536009A3631 /* Views */ = {
			isa = PBXGroup;
			children = (
				2B2E9F142635D4D3009A3631 /* Main.storyboard */,
				2B2E9F1C2635D4D4009A3631 /* LaunchScreen.storyboard */,
			);
			path = Views;
			sourceTree = "<group>";
		};
		2B2E9F462635D545009A3631 /* Models */ = {
			isa = PBXGroup;
			children = (
				2B2E9F4A2635D631009A3631 /* Core Data */,
			);
			path = Models;
			sourceTree = "<group>";
		};
		2B2E9F472635D54C009A3631 /* Controllers */ = {
			isa = PBXGroup;
			children = (
				2B2E9F122635D4D3009A3631 /* ViewController.swift */,
			);
			path = Controllers;
			sourceTree = "<group>";
		};
		2B2E9F482635D5BE009A3631 /* Services */ = {
			isa = PBXGroup;
			children = (
			);
			path = Services;
			sourceTree = "<group>";
		};
		2B2E9F492635D5C9009A3631 /* Resources */ = {
			isa = PBXGroup;
			children = (
				2B2E9F1A2635D4D4009A3631 /* Assets.xcassets */,
				2B2E9F102635D4D3009A3631 /* SceneDelegate.swift */,
				2B2E9F0E2635D4D3009A3631 /* AppDelegate.swift */,
			);
			path = Resources;
			sourceTree = "<group>";
		};
		2B2E9F4A2635D631009A3631 /* Core Data */ = {
			isa = PBXGroup;
			children = (
				2B2E9F172635D4D3009A3631 /* CosmoBooks.xcdatamodeld */,
			);
			path = "Core Data";
			sourceTree = "<group>";
		};
/* End PBXGroup section */

/* Begin PBXNativeTarget section */
		2B2E9F0A2635D4D3009A3631 /* CosmoBooks */ = {
			isa = PBXNativeTarget;
			buildConfigurationList = 2B2E9F382635D4D4009A3631 /* Build configuration list for PBXNativeTarget "CosmoBooks" */;
			buildPhases = (
				2B2E9F072635D4D3009A3631 /* Sources */,
				2B2E9F082635D4D3009A3631 /* Frameworks */,
				2B2E9F092635D4D3009A3631 /* Resources */,
			);
			buildRules = (
			);
			dependencies = (
			);
			name = CosmoBooks;
			productName = CosmoBooks;
			productReference = 2B2E9F0B2635D4D3009A3631 /* CosmoBooks.app */;
			productType = "com.apple.product-type.application";
		};
		2B2E9F232635D4D4009A3631 /* CosmoBooksTests */ = {
			isa = PBXNativeTarget;
			buildConfigurationList = 2B2E9F3B2635D4D4009A3631 /* Build configuration list for PBXNativeTarget "CosmoBooksTests" */;
			buildPhases = (
				2B2E9F202635D4D4009A3631 /* Sources */,
				2B2E9F212635D4D4009A3631 /* Frameworks */,
				2B2E9F222635D4D4009A3631 /* Resources */,
			);
			buildRules = (
			);
			dependencies = (
				2B2E9F262635D4D4009A3631 /* PBXTargetDependency */,
			);
			name = CosmoBooksTests;
			productName = CosmoBooksTests;
			productReference = 2B2E9F242635D4D4009A3631 /* CosmoBooksTests.xctest */;
			productType = "com.apple.product-type.bundle.unit-test";
		};
		2B2E9F2E2635D4D4009A3631 /* CosmoBooksUITests */ = {
			isa = PBXNativeTarget;
			buildConfigurationList = 2B2E9F3E2635D4D4009A3631 /* Build configuration list for PBXNativeTarget "CosmoBooksUITests" */;
			buildPhases = (
				2B2E9F2B2635D4D4009A3631 /* Sources */,
				2B2E9F2C2635D4D4009A3631 /* Frameworks */,
				2B2E9F2D2635D4D4009A3631 /* Resources */,
			);
			buildRules = (
			);
			dependencies = (
				2B2E9F312635D4D4009A3631 /* PBXTargetDependency */,
			);
			name = CosmoBooksUITests;
			productName = CosmoBooksUITests;
			productReference = 2B2E9F2F2635D4D4009A3631 /* CosmoBooksUITests.xctest */;
			productType = "com.apple.product-type.bundle.ui-testing";
		};
/* End PBXNativeTarget section */

/* Begin PBXProject section */
		2B2E9F032635D4D3009A3631 /* Project object */ = {
			isa = PBXProject;
			attributes = {
				LastSwiftUpdateCheck = 1240;
				LastUpgradeCheck = 1240;
				TargetAttributes = {
					2B2E9F0A2635D4D3009A3631 = {
						CreatedOnToolsVersion = 12.4;
					};
					2B2E9F232635D4D4009A3631 = {
						CreatedOnToolsVersion = 12.4;
						TestTargetID = 2B2E9F0A2635D4D3009A3631;
					};
					2B2E9F2E2635D4D4009A3631 = {
						CreatedOnToolsVersion = 12.4;
						TestTargetID = 2B2E9F0A2635D4D3009A3631;
					};
				};
			};
			buildConfigurationList = 2B2E9F062635D4D3009A3631 /* Build configuration list for PBXProject "CosmoBooks" */;
			compatibilityVersion = "Xcode 9.3";
			developmentRegion = en;
			hasScannedForEncodings = 0;
			knownRegions = (
				en,
				Base,
			);
			mainGroup = 2B2E9F022635D4D3009A3631;
			productRefGroup = 2B2E9F0C2635D4D3009A3631 /* Products */;
			projectDirPath = "";
			projectRoot = "";
			targets = (
				2B2E9F0A2635D4D3009A3631 /* CosmoBooks */,
				2B2E9F232635D4D4009A3631 /* CosmoBooksTests */,
				2B2E9F2E2635D4D4009A3631 /* CosmoBooksUITests */,
			);
		};
/* End PBXProject section */

/* Begin PBXResourcesBuildPhase section */
		2B2E9F092635D4D3009A3631 /* Resources */ = {
			isa = PBXResourcesBuildPhase;
			buildActionMask = 2147483647;
			files = (
				2B2E9F1E2635D4D4009A3631 /* LaunchScreen.storyboard in Resources */,
				2B2E9F1B2635D4D4009A3631 /* Assets.xcassets in Resources */,
				2B2E9F162635D4D3009A3631 /* Main.storyboard in Resources */,
			);
			runOnlyForDeploymentPostprocessing = 0;
		};
		2B2E9F222635D4D4009A3631 /* Resources */ = {
			isa = PBXResourcesBuildPhase;
			buildActionMask = 2147483647;
			files = (
			);
			runOnlyForDeploymentPostprocessing = 0;
		};
		2B2E9F2D2635D4D4009A3631 /* Resources */ = {
			isa = PBXResourcesBuildPhase;
			buildActionMask = 2147483647;
			files = (
			);
			runOnlyForDeploymentPostprocessing = 0;
		};
/* End PBXResourcesBuildPhase section */

/* Begin PBXSourcesBuildPhase section */
		2B2E9F072635D4D3009A3631 /* Sources */ = {
			isa = PBXSourcesBuildPhase;
			buildActionMask = 2147483647;
			files = (
				2B2E9F132635D4D3009A3631 /* ViewController.swift in Sources */,
				2B2E9F0F2635D4D3009A3631 /* AppDelegate.swift in Sources */,
				2B2E9F192635D4D3009A3631 /* CosmoBooks.xcdatamodeld in Sources */,
				2B2E9F112635D4D3009A3631 /* SceneDelegate.swift in Sources */,
			);
			runOnlyForDeploymentPostprocessing = 0;
		};
		2B2E9F202635D4D4009A3631 /* Sources */ = {
			isa = PBXSourcesBuildPhase;
			buildActionMask = 2147483647;
			files = (
				2B2E9F292635D4D4009A3631 /* CosmoBooksTests.swift in Sources */,
			);
			runOnlyForDeploymentPostprocessing = 0;
		};
		2B2E9F2B2635D4D4009A3631 /* Sources */ = {
			isa = PBXSourcesBuildPhase;
			buildActionMask = 2147483647;
			files = (
				2B2E9F342635D4D4009A3631 /* CosmoBooksUITests.swift in Sources */,
			);
			runOnlyForDeploymentPostprocessing = 0;
		};
/* End PBXSourcesBuildPhase section */

/* Begin PBXTargetDependency section */
		2B2E9F262635D4D4009A3631 /* PBXTargetDependency */ = {
			isa = PBXTargetDependency;
			target = 2B2E9F0A2635D4D3009A3631 /* CosmoBooks */;
			targetProxy = 2B2E9F252635D4D4009A3631 /* PBXContainerItemProxy */;
		};
		2B2E9F312635D4D4009A3631 /* PBXTargetDependency */ = {
			isa = PBXTargetDependency;
			target = 2B2E9F0A2635D4D3009A3631 /* CosmoBooks */;
			targetProxy = 2B2E9F302635D4D4009A3631 /* PBXContainerItemProxy */;
		};
/* End PBXTargetDependency section */

/* Begin PBXVariantGroup section */
		2B2E9F142635D4D3009A3631 /* Main.storyboard */ = {
			isa = PBXVariantGroup;
			children = (
				2B2E9F152635D4D3009A3631 /* Base */,
			);
			name = Main.storyboard;
			sourceTree = "<group>";
		};
		2B2E9F1C2635D4D4009A3631 /* LaunchScreen.storyboard */ = {
			isa = PBXVariantGroup;
			children = (
				2B2E9F1D2635D4D4009A3631 /* Base */,
			);
			name = LaunchScreen.storyboard;
			sourceTree = "<group>";
		};
/* End PBXVariantGroup section */

/* Begin XCBuildConfiguration section */
		2B2E9F362635D4D4009A3631 /* Debug */ = {
			isa = XCBuildConfiguration;
			buildSettings = {
				ALWAYS_SEARCH_USER_PATHS = NO;
				CLANG_ANALYZER_NONNULL = YES;
				CLANG_ANALYZER_NUMBER_OBJECT_CONVERSION = YES_AGGRESSIVE;
				CLANG_CXX_LANGUAGE_STANDARD = "gnu++14";
				CLANG_CXX_LIBRARY = "libc++";
				CLANG_ENABLE_MODULES = YES;
				CLANG_ENABLE_OBJC_ARC = YES;
				CLANG_ENABLE_OBJC_WEAK = YES;
				CLANG_WARN_BLOCK_CAPTURE_AUTORELEASING = YES;
				CLANG_WARN_BOOL_CONVERSION = YES;
				CLANG_WARN_COMMA = YES;
				CLANG_WARN_CONSTANT_CONVERSION = YES;
				CLANG_WARN_DEPRECATED_OBJC_IMPLEMENTATIONS = YES;
				CLANG_WARN_DIRECT_OBJC_ISA_USAGE = YES_ERROR;
				CLANG_WARN_DOCUMENTATION_COMMENTS = YES;
				CLANG_WARN_EMPTY_BODY = YES;
				CLANG_WARN_ENUM_CONVERSION = YES;
				CLANG_WARN_INFINITE_RECURSION = YES;
				CLANG_WARN_INT_CONVERSION = YES;
				CLANG_WARN_NON_LITERAL_NULL_CONVERSION = YES;
				CLANG_WARN_OBJC_IMPLICIT_RETAIN_SELF = YES;
				CLANG_WARN_OBJC_LITERAL_CONVERSION = YES;
				CLANG_WARN_OBJC_ROOT_CLASS = YES_ERROR;
				CLANG_WARN_QUOTED_INCLUDE_IN_FRAMEWORK_HEADER = YES;
				CLANG_WARN_RANGE_LOOP_ANALYSIS = YES;
				CLANG_WARN_STRICT_PROTOTYPES = YES;
				CLANG_WARN_SUSPICIOUS_MOVE = YES;
				CLANG_WARN_UNGUARDED_AVAILABILITY = YES_AGGRESSIVE;
				CLANG_WARN_UNREACHABLE_CODE = YES;
				CLANG_WARN__DUPLICATE_METHOD_MATCH = YES;
				COPY_PHASE_STRIP = NO;
				DEBUG_INFORMATION_FORMAT = dwarf;
				ENABLE_STRICT_OBJC_MSGSEND = YES;
				ENABLE_TESTABILITY = YES;
				GCC_C_LANGUAGE_STANDARD = gnu11;
				GCC_DYNAMIC_NO_PIC = NO;
				GCC_NO_COMMON_BLOCKS = YES;
				GCC_OPTIMIZATION_LEVEL = 0;
				GCC_PREPROCESSOR_DEFINITIONS = (
					"DEBUG=1",
					"$(inherited)",
				);
				GCC_WARN_64_TO_32_BIT_CONVERSION = YES;
				GCC_WARN_ABOUT_RETURN_TYPE = YES_ERROR;
				GCC_WARN_UNDECLARED_SELECTOR = YES;
				GCC_WARN_UNINITIALIZED_AUTOS = YES_AGGRESSIVE;
				GCC_WARN_UNUSED_FUNCTION = YES;
				GCC_WARN_UNUSED_VARIABLE = YES;
				IPHONEOS_DEPLOYMENT_TARGET = 14.4;
				MTL_ENABLE_DEBUG_INFO = INCLUDE_SOURCE;
				MTL_FAST_MATH = YES;
				ONLY_ACTIVE_ARCH = YES;
				SDKROOT = iphoneos;
				SWIFT_ACTIVE_COMPILATION_CONDITIONS = DEBUG;
				SWIFT_OPTIMIZATION_LEVEL = "-Onone";
			};
			name = Debug;
		};
		2B2E9F372635D4D4009A3631 /* Release */ = {
			isa = XCBuildConfiguration;
			buildSettings = {
				ALWAYS_SEARCH_USER_PATHS = NO;
				CLANG_ANALYZER_NONNULL = YES;
				CLANG_ANALYZER_NUMBER_OBJECT_CONVERSION = YES_AGGRESSIVE;
				CLANG_CXX_LANGUAGE_STANDARD = "gnu++14";
				CLANG_CXX_LIBRARY = "libc++";
				CLANG_ENABLE_MODULES = YES;
				CLANG_ENABLE_OBJC_ARC = YES;
				CLANG_ENABLE_OBJC_WEAK = YES;
				CLANG_WARN_BLOCK_CAPTURE_AUTORELEASING = YES;
				CLANG_WARN_BOOL_CONVERSION = YES;
				CLANG_WARN_COMMA = YES;
				CLANG_WARN_CONSTANT_CONVERSION = YES;
				CLANG_WARN_DEPRECATED_OBJC_IMPLEMENTATIONS = YES;
				CLANG_WARN_DIRECT_OBJC_ISA_USAGE = YES_ERROR;
				CLANG_WARN_DOCUMENTATION_COMMENTS = YES;
				CLANG_WARN_EMPTY_BODY = YES;
				CLANG_WARN_ENUM_CONVERSION = YES;
				CLANG_WARN_INFINITE_RECURSION = YES;
				CLANG_WARN_INT_CONVERSION = YES;
				CLANG_WARN_NON_LITERAL_NULL_CONVERSION = YES;
				CLANG_WARN_OBJC_IMPLICIT_RETAIN_SELF = YES;
				CLANG_WARN_OBJC_LITERAL_CONVERSION = YES;
				CLANG_WARN_OBJC_ROOT_CLASS = YES_ERROR;
				CLANG_WARN_QUOTED_INCLUDE_IN_FRAMEWORK_HEADER = YES;
				CLANG_WARN_RANGE_LOOP_ANALYSIS = YES;
				CLANG_WARN_STRICT_PROTOTYPES = YES;
				CLANG_WARN_SUSPICIOUS_MOVE = YES;
				CLANG_WARN_UNGUARDED_AVAILABILITY = YES_AGGRESSIVE;
				CLANG_WARN_UNREACHABLE_CODE = YES;
				CLANG_WARN__DUPLICATE_METHOD_MATCH = YES;
				COPY_PHASE_STRIP = NO;
				DEBUG_INFORMATION_FORMAT = "dwarf-with-dsym";
				ENABLE_NS_ASSERTIONS = NO;
				ENABLE_STRICT_OBJC_MSGSEND = YES;
				GCC_C_LANGUAGE_STANDARD = gnu11;
				GCC_NO_COMMON_BLOCKS = YES;
				GCC_WARN_64_TO_32_BIT_CONVERSION = YES;
				GCC_WARN_ABOUT_RETURN_TYPE = YES_ERROR;
				GCC_WARN_UNDECLARED_SELECTOR = YES;
				GCC_WARN_UNINITIALIZED_AUTOS = YES_AGGRESSIVE;
				GCC_WARN_UNUSED_FUNCTION = YES;
				GCC_WARN_UNUSED_VARIABLE = YES;
				IPHONEOS_DEPLOYMENT_TARGET = 14.4;
				MTL_ENABLE_DEBUG_INFO = NO;
				MTL_FAST_MATH = YES;
				SDKROOT = iphoneos;
				SWIFT_COMPILATION_MODE = wholemodule;
				SWIFT_OPTIMIZATION_LEVEL = "-O";
				VALIDATE_PRODUCT = YES;
			};
			name = Release;
		};
		2B2E9F392635D4D4009A3631 /* Debug */ = {
			isa = XCBuildConfiguration;
			buildSettings = {
				ASSETCATALOG_COMPILER_APPICON_NAME = AppIcon;
				ASSETCATALOG_COMPILER_GLOBAL_ACCENT_COLOR_NAME = AccentColor;
				CODE_SIGN_STYLE = Automatic;
				DEVELOPMENT_TEAM = KB82824ZMA;
				INFOPLIST_FILE = CosmoBooks/Info.plist;
				LD_RUNPATH_SEARCH_PATHS = (
					"$(inherited)",
					"@executable_path/Frameworks",
				);
				PRODUCT_BUNDLE_IDENTIFIER = com.wesley.CosmoBooks;
				PRODUCT_NAME = "$(TARGET_NAME)";
				SWIFT_VERSION = 5.0;
				TARGETED_DEVICE_FAMILY = "1,2";
			};
			name = Debug;
		};
		2B2E9F3A2635D4D4009A3631 /* Release */ = {
			isa = XCBuildConfiguration;
			buildSettings = {
				ASSETCATALOG_COMPILER_APPICON_NAME = AppIcon;
				ASSETCATALOG_COMPILER_GLOBAL_ACCENT_COLOR_NAME = AccentColor;
				CODE_SIGN_STYLE = Automatic;
				DEVELOPMENT_TEAM = KB82824ZMA;
				INFOPLIST_FILE = CosmoBooks/Info.plist;
				LD_RUNPATH_SEARCH_PATHS = (
					"$(inherited)",
					"@executable_path/Frameworks",
				);
				PRODUCT_BUNDLE_IDENTIFIER = com.wesley.CosmoBooks;
				PRODUCT_NAME = "$(TARGET_NAME)";
				SWIFT_VERSION = 5.0;
				TARGETED_DEVICE_FAMILY = "1,2";
			};
			name = Release;
		};
		2B2E9F3C2635D4D4009A3631 /* Debug */ = {
			isa = XCBuildConfiguration;
			buildSettings = {
				ALWAYS_EMBED_SWIFT_STANDARD_LIBRARIES = YES;
				BUNDLE_LOADER = "$(TEST_HOST)";
				CODE_SIGN_STYLE = Automatic;
				DEVELOPMENT_TEAM = KB82824ZMA;
				INFOPLIST_FILE = CosmoBooksTests/Info.plist;
				IPHONEOS_DEPLOYMENT_TARGET = 14.4;
				LD_RUNPATH_SEARCH_PATHS = (
					"$(inherited)",
					"@executable_path/Frameworks",
					"@loader_path/Frameworks",
				);
				PRODUCT_BUNDLE_IDENTIFIER = com.wesley.CosmoBooksTests;
				PRODUCT_NAME = "$(TARGET_NAME)";
				SWIFT_VERSION = 5.0;
				TARGETED_DEVICE_FAMILY = "1,2";
				TEST_HOST = "$(BUILT_PRODUCTS_DIR)/CosmoBooks.app/CosmoBooks";
			};
			name = Debug;
		};
		2B2E9F3D2635D4D4009A3631 /* Release */ = {
			isa = XCBuildConfiguration;
			buildSettings = {
				ALWAYS_EMBED_SWIFT_STANDARD_LIBRARIES = YES;
				BUNDLE_LOADER = "$(TEST_HOST)";
				CODE_SIGN_STYLE = Automatic;
				DEVELOPMENT_TEAM = KB82824ZMA;
				INFOPLIST_FILE = CosmoBooksTests/Info.plist;
				IPHONEOS_DEPLOYMENT_TARGET = 14.4;
				LD_RUNPATH_SEARCH_PATHS = (
					"$(inherited)",
					"@executable_path/Frameworks",
					"@loader_path/Frameworks",
				);
				PRODUCT_BUNDLE_IDENTIFIER = com.wesley.CosmoBooksTests;
				PRODUCT_NAME = "$(TARGET_NAME)";
				SWIFT_VERSION = 5.0;
				TARGETED_DEVICE_FAMILY = "1,2";
				TEST_HOST = "$(BUILT_PRODUCTS_DIR)/CosmoBooks.app/CosmoBooks";
			};
			name = Release;
		};
		2B2E9F3F2635D4D4009A3631 /* Debug */ = {
			isa = XCBuildConfiguration;
			buildSettings = {
				ALWAYS_EMBED_SWIFT_STANDARD_LIBRARIES = YES;
				CODE_SIGN_STYLE = Automatic;
				DEVELOPMENT_TEAM = KB82824ZMA;
				INFOPLIST_FILE = CosmoBooksUITests/Info.plist;
				LD_RUNPATH_SEARCH_PATHS = (
					"$(inherited)",
					"@executable_path/Frameworks",
					"@loader_path/Frameworks",
				);
				PRODUCT_BUNDLE_IDENTIFIER = com.wesley.CosmoBooksUITests;
				PRODUCT_NAME = "$(TARGET_NAME)";
				SWIFT_VERSION = 5.0;
				TARGETED_DEVICE_FAMILY = "1,2";
				TEST_TARGET_NAME = CosmoBooks;
			};
			name = Debug;
		};
		2B2E9F402635D4D4009A3631 /* Release */ = {
			isa = XCBuildConfiguration;
			buildSettings = {
				ALWAYS_EMBED_SWIFT_STANDARD_LIBRARIES = YES;
				CODE_SIGN_STYLE = Automatic;
				DEVELOPMENT_TEAM = KB82824ZMA;
				INFOPLIST_FILE = CosmoBooksUITests/Info.plist;
				LD_RUNPATH_SEARCH_PATHS = (
					"$(inherited)",
					"@executable_path/Frameworks",
					"@loader_path/Frameworks",
				);
				PRODUCT_BUNDLE_IDENTIFIER = com.wesley.CosmoBooksUITests;
				PRODUCT_NAME = "$(TARGET_NAME)";
				SWIFT_VERSION = 5.0;
				TARGETED_DEVICE_FAMILY = "1,2";
				TEST_TARGET_NAME = CosmoBooks;
			};
			name = Release;
		};
/* End XCBuildConfiguration section */

/* Begin XCConfigurationList section */
		2B2E9F062635D4D3009A3631 /* Build configuration list for PBXProject "CosmoBooks" */ = {
			isa = XCConfigurationList;
			buildConfigurations = (
				2B2E9F362635D4D4009A3631 /* Debug */,
				2B2E9F372635D4D4009A3631 /* Release */,
			);
			defaultConfigurationIsVisible = 0;
			defaultConfigurationName = Release;
		};
		2B2E9F382635D4D4009A3631 /* Build configuration list for PBXNativeTarget "CosmoBooks" */ = {
			isa = XCConfigurationList;
			buildConfigurations = (
				2B2E9F392635D4D4009A3631 /* Debug */,
				2B2E9F3A2635D4D4009A3631 /* Release */,
			);
			defaultConfigurationIsVisible = 0;
			defaultConfigurationName = Release;
		};
		2B2E9F3B2635D4D4009A3631 /* Build configuration list for PBXNativeTarget "CosmoBooksTests" */ = {
			isa = XCConfigurationList;
			buildConfigurations = (
				2B2E9F3C2635D4D4009A3631 /* Debug */,
				2B2E9F3D2635D4D4009A3631 /* Release */,
			);
			defaultConfigurationIsVisible = 0;
			defaultConfigurationName = Release;
		};
		2B2E9F3E2635D4D4009A3631 /* Build configuration list for PBXNativeTarget "CosmoBooksUITests" */ = {
			isa = XCConfigurationList;
			buildConfigurations = (
				2B2E9F3F2635D4D4009A3631 /* Debug */,
				2B2E9F402635D4D4009A3631 /* Release */,
			);
			defaultConfigurationIsVisible = 0;
			defaultConfigurationName = Release;
		};
/* End XCConfigurationList section */

/* Begin XCVersionGroup section */
		2B2E9F172635D4D3009A3631 /* CosmoBooks.xcdatamodeld */ = {
			isa = XCVersionGroup;
			children = (
				2B2E9F182635D4D3009A3631 /* CosmoBooks.xcdatamodel */,
			);
			currentVersion = 2B2E9F182635D4D3009A3631 /* CosmoBooks.xcdatamodel */;
			path = CosmoBooks.xcdatamodeld;
			sourceTree = "<group>";
			versionGroupType = wrapper.xcdatamodel;
		};
/* End XCVersionGroup section */
	};
	rootObject = 2B2E9F032635D4D3009A3631 /* Project object */;
}
